
Microsoft Visual Studio Solution File, Format Version 12.00
# Visual Studio 2010
Project("{FAE04EC0-301F-11D3-BF4B-00C04F79EFBC}") = "NaftanRailway.Domain", "NaftanRailway.Domain\NaftanRailway.Domain.csproj", "{09A80099-87FE-485F-BBD4-5CD5C6770BF8}"
EndProject
Project("{FAE04EC0-301F-11D3-BF4B-00C04F79EFBC}") = "NaftanRailway.WebUI", "NaftanRailway.WebUI\NaftanRailway.WebUI.csproj", "{0105C9BB-6CF3-407F-AF3F-97EBE21C35D8}"
EndProject
Project("{FAE04EC0-301F-11D3-BF4B-00C04F79EFBC}") = "NaftanRailway.Test", "NaftanRailway.Test\NaftanRailway.Test.csproj", "{2372CDD0-5606-4B14-8E0B-7D5FA68D6C8B}"
EndProject
Global
	GlobalSection(SolutionConfigurationPlatforms) = preSolution
		Debug|Any CPU = Debug|Any CPU
		Release|Any CPU = Release|Any CPU
	EndGlobalSection
	GlobalSection(ProjectConfigurationPlatforms) = postSolution
		{09A80099-87FE-485F-BBD4-5CD5C6770BF8}.Debug|Any CPU.ActiveCfg = Debug|Any CPU
		{09A80099-87FE-485F-BBD4-5CD5C6770BF8}.Debug|Any CPU.Build.0 = Debug|Any CPU
		{09A80099-87FE-485F-BBD4-5CD5C6770BF8}.Release|Any CPU.ActiveCfg = Release|Any CPU
		{09A80099-87FE-485F-BBD4-5CD5C6770BF8}.Release|Any CPU.Build.0 = Release|Any CPU
		{0105C9BB-6CF3-407F-AF3F-97EBE21C35D8}.Debug|Any CPU.ActiveCfg = Debug|Any CPU
		{0105C9BB-6CF3-407F-AF3F-97EBE21C35D8}.Debug|Any CPU.Build.0 = Debug|Any CPU
		{0105C9BB-6CF3-407F-AF3F-97EBE21C35D8}.Release|Any CPU.ActiveCfg = Release|Any CPU
		{0105C9BB-6CF3-407F-AF3F-97EBE21C35D8}.Release|Any CPU.Build.0 = Release|Any CPU
		{2372CDD0-5606-4B14-8E0B-7D5FA68D6C8B}.Debug|Any CPU.ActiveCfg = Debug|Any CPU
		{2372CDD0-5606-4B14-8E0B-7D5FA68D6C8B}.Debug|Any CPU.Build.0 = Debug|Any CPU
		{2372CDD0-5606-4B14-8E0B-7D5FA68D6C8B}.Release|Any CPU.ActiveCfg = Release|Any CPU
		{2372CDD0-5606-4B14-8E0B-7D5FA68D6C8B}.Release|Any CPU.Build.0 = Release|Any CPU
	EndGlobalSection
	GlobalSection(SolutionProperties) = preSolution
		HideSolutionNode = FALSE
	EndGlobalSection
EndGlobal
