
Microsoft Visual Studio Solution File, Format Version 12.00
# Visual Studio Version 16
VisualStudioVersion = 16.0.28803.352
MinimumVisualStudioVersion = 10.0.40219.1
Project("{FAE04EC0-301F-11D3-BF4B-00C04F79EFBC}") = "Railway.Domain", "NaftanRailway.Domain\Railway.Domain.csproj", "{09A80099-87FE-485F-BBD4-5CD5C6770BF8}"
EndProject
Project("{FAE04EC0-301F-11D3-BF4B-00C04F79EFBC}") = "NaftanRailway.WebUI", "NaftanRailway.WebUI\NaftanRailway.WebUI.csproj", "{0105C9BB-6CF3-407F-AF3F-97EBE21C35D8}"
EndProject
Project("{FAE04EC0-301F-11D3-BF4B-00C04F79EFBC}") = "NaftanRailway.BLL", "NaftanRailway.BLL\NaftanRailway.BLL.csproj", "{96800E14-17B0-4478-9666-863335CDE44B}"
EndProject
Project("{FAE04EC0-301F-11D3-BF4B-00C04F79EFBC}") = "NaftanRailway.UnitTests", "NaftanRailway.UnitTests\NaftanRailway.UnitTests.csproj", "{0E03420A-E69E-4158-974C-52A8EE85AC86}"
EndProject
Project("{2150E333-8FDC-42A3-9474-1A3956D46DE8}") = "MicroServices", "MicroServices", "{A742B5A1-EE37-472A-A5E7-5219C9A4359A}"
EndProject
Project("{2150E333-8FDC-42A3-9474-1A3956D46DE8}") = "Core", "Core", "{7F703CC5-E68E-4B25-94C3-35FE4B64C1DF}"
EndProject
Project("{FAE04EC0-301F-11D3-BF4B-00C04F79EFBC}") = "Railway.Core.Data", "Railway.Core.Data\Railway.Core.Data.csproj", "{32F96FB6-54C0-48F5-B1CD-67DDD75082B2}"
EndProject
Project("{FAE04EC0-301F-11D3-BF4B-00C04F79EFBC}") = "Railway.Core.Data.EF", "Railway.Core.Data.EF\Railway.Core.Data.EF.csproj", "{6C6DA63E-8A8D-4D1E-8DE0-856A53DCF1E0}"
EndProject
Project("{FAE04EC0-301F-11D3-BF4B-00C04F79EFBC}") = "Railway.Core", "Railway.Core\Railway.Core.csproj", "{4E75426A-2821-4F35-938C-2C7072BAA2AD}"
EndProject
Project("{2150E333-8FDC-42A3-9474-1A3956D46DE8}") = "Tests", "Tests", "{2D353A93-2E31-4989-BD77-E1A8EEC7AD62}"
EndProject
Project("{2150E333-8FDC-42A3-9474-1A3956D46DE8}") = "UnitTests", "UnitTests", "{F90F005C-F3BB-45F0-8A1F-0F5F045F80E3}"
EndProject
Project("{2150E333-8FDC-42A3-9474-1A3956D46DE8}") = "IntegrationTests", "IntegrationTests", "{87AAB47F-1C68-4AF1-8389-86DCCE050B38}"
EndProject
Project("{FAE04EC0-301F-11D3-BF4B-00C04F79EFBC}") = "Railway.Core.Data.EF.Tests", "Railway.Core.Data.EF.Tests\Railway.Core.Data.EF.Tests.csproj", "{0FFC09CD-E8DE-4103-AFE7-25CD536F44BF}"
EndProject
Project("{9A19103F-16F7-4668-BE54-9A1E7A4F7556}") = "Railway.UI", "Railway.UI\Railway.UI.csproj", "{044AB3DF-841C-43B0-9127-BF8EDD3EBF41}"
EndProject
Project("{2150E333-8FDC-42A3-9474-1A3956D46DE8}") = "DeliveryCargo", "DeliveryCargo", "{3E2B3E22-E23E-4929-8945-AE9FDFDF7FB9}"
EndProject
Project("{9A19103F-16F7-4668-BE54-9A1E7A4F7556}") = "Railway.DeliveryCargo.API", "DeliveryCargoMicroservice\Railway.DeliveryCargo.API.csproj", "{0045AAA5-3DFB-474A-9ED2-BB94766F10CF}"
EndProject
Project("{9A19103F-16F7-4668-BE54-9A1E7A4F7556}") = "Railway.DeliveryCargo", "Railway.DeliveryCargo\Railway.DeliveryCargo.csproj", "{49177EEC-EBDD-4FD2-BDF9-FE70DBF5B15F}"
EndProject
Project("{9A19103F-16F7-4668-BE54-9A1E7A4F7556}") = "Railway.DeliveryCargo.Tests", "Railway.DeliveryCargo.Tests\Railway.DeliveryCargo.Tests.csproj", "{4310252D-60C6-4E8F-B809-56F77F7F42FD}"
EndProject
Project("{2150E333-8FDC-42A3-9474-1A3956D46DE8}") = "Data", "Data", "{1BBF9309-5727-4BA2-82FC-DC17D092FFCE}"
EndProject
Project("{9A19103F-16F7-4668-BE54-9A1E7A4F7556}") = "Railway.DeliveryCargo.Data.EF", "Railway.DeliveryCargo.Data.EF\Railway.DeliveryCargo.Data.EF.csproj", "{7AD96726-18CF-4ED2-A65F-5A0D590FD183}"
EndProject
Project("{9A19103F-16F7-4668-BE54-9A1E7A4F7556}") = "Railway.DeliveryCargo.Infrastructure", "Railway.DeliveryCargo.Infrastructure\Railway.DeliveryCargo.Infrastructure.csproj", "{8E05A774-6FAA-43B3-8BA7-247F09535892}"
EndProject
Project("{2150E333-8FDC-42A3-9474-1A3956D46DE8}") = "STS", "STS", "{9F63B28C-D02B-4BD4-9C8C-9A3CC63437AD}"
EndProject
Project("{2150E333-8FDC-42A3-9474-1A3956D46DE8}") = "APIGateway", "APIGateway", "{9B4E837B-E4A2-4AAD-B556-1D1DCFB6F121}"
EndProject
Global
	GlobalSection(SolutionConfigurationPlatforms) = preSolution
		Debug|Any CPU = Debug|Any CPU
		Release|Any CPU = Release|Any CPU
	EndGlobalSection
	GlobalSection(ProjectConfigurationPlatforms) = postSolution
		{09A80099-87FE-485F-BBD4-5CD5C6770BF8}.Debug|Any CPU.ActiveCfg = Debug|Any CPU
		{09A80099-87FE-485F-BBD4-5CD5C6770BF8}.Debug|Any CPU.Build.0 = Debug|Any CPU
		{09A80099-87FE-485F-BBD4-5CD5C6770BF8}.Release|Any CPU.ActiveCfg = Release|Any CPU
		{09A80099-87FE-485F-BBD4-5CD5C6770BF8}.Release|Any CPU.Build.0 = Release|Any CPU
		{0105C9BB-6CF3-407F-AF3F-97EBE21C35D8}.Debug|Any CPU.ActiveCfg = Debug|Any CPU
		{0105C9BB-6CF3-407F-AF3F-97EBE21C35D8}.Debug|Any CPU.Build.0 = Debug|Any CPU
		{0105C9BB-6CF3-407F-AF3F-97EBE21C35D8}.Release|Any CPU.ActiveCfg = Release|Any CPU
		{0105C9BB-6CF3-407F-AF3F-97EBE21C35D8}.Release|Any CPU.Build.0 = Release|Any CPU
		{96800E14-17B0-4478-9666-863335CDE44B}.Debug|Any CPU.ActiveCfg = Debug|Any CPU
		{96800E14-17B0-4478-9666-863335CDE44B}.Debug|Any CPU.Build.0 = Debug|Any CPU
		{96800E14-17B0-4478-9666-863335CDE44B}.Release|Any CPU.ActiveCfg = Release|Any CPU
		{96800E14-17B0-4478-9666-863335CDE44B}.Release|Any CPU.Build.0 = Release|Any CPU
		{0E03420A-E69E-4158-974C-52A8EE85AC86}.Debug|Any CPU.ActiveCfg = Debug|Any CPU
		{0E03420A-E69E-4158-974C-52A8EE85AC86}.Debug|Any CPU.Build.0 = Debug|Any CPU
		{0E03420A-E69E-4158-974C-52A8EE85AC86}.Release|Any CPU.ActiveCfg = Release|Any CPU
		{0E03420A-E69E-4158-974C-52A8EE85AC86}.Release|Any CPU.Build.0 = Release|Any CPU
		{32F96FB6-54C0-48F5-B1CD-67DDD75082B2}.Debug|Any CPU.ActiveCfg = Debug|Any CPU
		{32F96FB6-54C0-48F5-B1CD-67DDD75082B2}.Debug|Any CPU.Build.0 = Debug|Any CPU
		{32F96FB6-54C0-48F5-B1CD-67DDD75082B2}.Release|Any CPU.ActiveCfg = Release|Any CPU
		{32F96FB6-54C0-48F5-B1CD-67DDD75082B2}.Release|Any CPU.Build.0 = Release|Any CPU
		{6C6DA63E-8A8D-4D1E-8DE0-856A53DCF1E0}.Debug|Any CPU.ActiveCfg = Debug|Any CPU
		{6C6DA63E-8A8D-4D1E-8DE0-856A53DCF1E0}.Debug|Any CPU.Build.0 = Debug|Any CPU
		{6C6DA63E-8A8D-4D1E-8DE0-856A53DCF1E0}.Release|Any CPU.ActiveCfg = Release|Any CPU
		{6C6DA63E-8A8D-4D1E-8DE0-856A53DCF1E0}.Release|Any CPU.Build.0 = Release|Any CPU
		{4E75426A-2821-4F35-938C-2C7072BAA2AD}.Debug|Any CPU.ActiveCfg = Debug|Any CPU
		{4E75426A-2821-4F35-938C-2C7072BAA2AD}.Debug|Any CPU.Build.0 = Debug|Any CPU
		{4E75426A-2821-4F35-938C-2C7072BAA2AD}.Release|Any CPU.ActiveCfg = Release|Any CPU
		{4E75426A-2821-4F35-938C-2C7072BAA2AD}.Release|Any CPU.Build.0 = Release|Any CPU
		{0FFC09CD-E8DE-4103-AFE7-25CD536F44BF}.Debug|Any CPU.ActiveCfg = Debug|Any CPU
		{0FFC09CD-E8DE-4103-AFE7-25CD536F44BF}.Debug|Any CPU.Build.0 = Debug|Any CPU
		{0FFC09CD-E8DE-4103-AFE7-25CD536F44BF}.Release|Any CPU.ActiveCfg = Release|Any CPU
		{0FFC09CD-E8DE-4103-AFE7-25CD536F44BF}.Release|Any CPU.Build.0 = Release|Any CPU
		{044AB3DF-841C-43B0-9127-BF8EDD3EBF41}.Debug|Any CPU.ActiveCfg = Debug|Any CPU
		{044AB3DF-841C-43B0-9127-BF8EDD3EBF41}.Debug|Any CPU.Build.0 = Debug|Any CPU
		{044AB3DF-841C-43B0-9127-BF8EDD3EBF41}.Release|Any CPU.ActiveCfg = Release|Any CPU
		{044AB3DF-841C-43B0-9127-BF8EDD3EBF41}.Release|Any CPU.Build.0 = Release|Any CPU
		{0045AAA5-3DFB-474A-9ED2-BB94766F10CF}.Debug|Any CPU.ActiveCfg = Debug|Any CPU
		{0045AAA5-3DFB-474A-9ED2-BB94766F10CF}.Debug|Any CPU.Build.0 = Debug|Any CPU
		{0045AAA5-3DFB-474A-9ED2-BB94766F10CF}.Release|Any CPU.ActiveCfg = Release|Any CPU
		{0045AAA5-3DFB-474A-9ED2-BB94766F10CF}.Release|Any CPU.Build.0 = Release|Any CPU
		{49177EEC-EBDD-4FD2-BDF9-FE70DBF5B15F}.Debug|Any CPU.ActiveCfg = Debug|Any CPU
		{49177EEC-EBDD-4FD2-BDF9-FE70DBF5B15F}.Debug|Any CPU.Build.0 = Debug|Any CPU
		{49177EEC-EBDD-4FD2-BDF9-FE70DBF5B15F}.Release|Any CPU.ActiveCfg = Release|Any CPU
		{49177EEC-EBDD-4FD2-BDF9-FE70DBF5B15F}.Release|Any CPU.Build.0 = Release|Any CPU
		{4310252D-60C6-4E8F-B809-56F77F7F42FD}.Debug|Any CPU.ActiveCfg = Debug|Any CPU
		{4310252D-60C6-4E8F-B809-56F77F7F42FD}.Debug|Any CPU.Build.0 = Debug|Any CPU
		{4310252D-60C6-4E8F-B809-56F77F7F42FD}.Release|Any CPU.ActiveCfg = Release|Any CPU
		{4310252D-60C6-4E8F-B809-56F77F7F42FD}.Release|Any CPU.Build.0 = Release|Any CPU
		{7AD96726-18CF-4ED2-A65F-5A0D590FD183}.Debug|Any CPU.ActiveCfg = Debug|Any CPU
		{7AD96726-18CF-4ED2-A65F-5A0D590FD183}.Debug|Any CPU.Build.0 = Debug|Any CPU
		{7AD96726-18CF-4ED2-A65F-5A0D590FD183}.Release|Any CPU.ActiveCfg = Release|Any CPU
		{7AD96726-18CF-4ED2-A65F-5A0D590FD183}.Release|Any CPU.Build.0 = Release|Any CPU
		{8E05A774-6FAA-43B3-8BA7-247F09535892}.Debug|Any CPU.ActiveCfg = Debug|Any CPU
		{8E05A774-6FAA-43B3-8BA7-247F09535892}.Debug|Any CPU.Build.0 = Debug|Any CPU
		{8E05A774-6FAA-43B3-8BA7-247F09535892}.Release|Any CPU.ActiveCfg = Release|Any CPU
		{8E05A774-6FAA-43B3-8BA7-247F09535892}.Release|Any CPU.Build.0 = Release|Any CPU
	EndGlobalSection
	GlobalSection(SolutionProperties) = preSolution
		HideSolutionNode = FALSE
	EndGlobalSection
	GlobalSection(NestedProjects) = preSolution
		{32F96FB6-54C0-48F5-B1CD-67DDD75082B2} = {7F703CC5-E68E-4B25-94C3-35FE4B64C1DF}
		{6C6DA63E-8A8D-4D1E-8DE0-856A53DCF1E0} = {7F703CC5-E68E-4B25-94C3-35FE4B64C1DF}
		{4E75426A-2821-4F35-938C-2C7072BAA2AD} = {7F703CC5-E68E-4B25-94C3-35FE4B64C1DF}
		{F90F005C-F3BB-45F0-8A1F-0F5F045F80E3} = {2D353A93-2E31-4989-BD77-E1A8EEC7AD62}
		{87AAB47F-1C68-4AF1-8389-86DCCE050B38} = {2D353A93-2E31-4989-BD77-E1A8EEC7AD62}
		{0FFC09CD-E8DE-4103-AFE7-25CD536F44BF} = {F90F005C-F3BB-45F0-8A1F-0F5F045F80E3}
		{3E2B3E22-E23E-4929-8945-AE9FDFDF7FB9} = {A742B5A1-EE37-472A-A5E7-5219C9A4359A}
		{0045AAA5-3DFB-474A-9ED2-BB94766F10CF} = {3E2B3E22-E23E-4929-8945-AE9FDFDF7FB9}
		{49177EEC-EBDD-4FD2-BDF9-FE70DBF5B15F} = {3E2B3E22-E23E-4929-8945-AE9FDFDF7FB9}
		{4310252D-60C6-4E8F-B809-56F77F7F42FD} = {3E2B3E22-E23E-4929-8945-AE9FDFDF7FB9}
		{1BBF9309-5727-4BA2-82FC-DC17D092FFCE} = {3E2B3E22-E23E-4929-8945-AE9FDFDF7FB9}
		{7AD96726-18CF-4ED2-A65F-5A0D590FD183} = {1BBF9309-5727-4BA2-82FC-DC17D092FFCE}
		{8E05A774-6FAA-43B3-8BA7-247F09535892} = {3E2B3E22-E23E-4929-8945-AE9FDFDF7FB9}
		{9F63B28C-D02B-4BD4-9C8C-9A3CC63437AD} = {A742B5A1-EE37-472A-A5E7-5219C9A4359A}
		{9B4E837B-E4A2-4AAD-B556-1D1DCFB6F121} = {A742B5A1-EE37-472A-A5E7-5219C9A4359A}
	EndGlobalSection
	GlobalSection(ExtensibilityGlobals) = postSolution
		SolutionGuid = {C5AE74EE-2D76-4190-B1A8-722B8A2BEEEE}
	EndGlobalSection
EndGlobal
